PODS:
  - Charts (3.5.0):
    - Charts/Core (= 3.5.0)
  - Charts/Core (3.5.0)
  - M13Checkbox (3.4.0)
  - Permission (3.1.2):
    - Permission/Core (= 3.1.2)
  - Permission/Camera (3.1.2):
    - Permission/Core
  - Permission/Core (3.1.2)
  - UPCarouselFlowLayout (1.1.2)
  - WeScan (1.7.0)
  - XCoordinator (2.0.7):
    - XCoordinator/Core (= 2.0.7)
  - XCoordinator/Core (2.0.7)

DEPENDENCIES:
  - Charts
  - M13Checkbox
  - Permission (~> 3.1)
  - Permission/Camera
  - UPCarouselFlowLayout
  - WeScan (>= 0.9)
  - XCoordinator

SPEC REPOS:
  trunk:
    - Charts
    - M13Checkbox
    - Permission
    - UPCarouselFlowLayout
    - WeScan
    - XCoordinator

SPEC CHECKSUMS:
  Charts: 40a08591df1f8ad5c223ddedfb1a06da92f24f7c
  M13Checkbox: 6f59404540ac98ba83a3d1afac335895a40c6a5d
  Permission: 4821359fb4d4367fb59aa16df38fbba5722ac842
  UPCarouselFlowLayout: 4c7d2c43a10ebb1597bde502a53699d378341dad
  WeScan: fed582f6c38014d529afb5aa9ffd1bad38fc72b7
  XCoordinator: 9ee654fedef1ffede33d5c11677708a555c00542

PODFILE CHECKSUM: d8bbdcc3f8c5eeabf3141a3ad107b66d29872b74

COCOAPODS: 1.9.3
